
Microsoft Visual Studio Solution File, Format Version 11.00
# Visual Studio 2010
Project("{FAE04EC0-301F-11D3-BF4B-00C04F79EFBC}") = "CW.Common", "CW.Common.csproj", "{d17e27b5-5f77-9094-3fcb-10b32193cd02}"
EndProject
Project("{FAE04EC0-301F-11D3-BF4B-00C04F79EFBC}") = "LeanTouch", "LeanTouch.csproj", "{3e6367fe-2b68-747b-a6a2-3ece812471bf}"
EndProject
Project("{FAE04EC0-301F-11D3-BF4B-00C04F79EFBC}") = "Assembly-CSharp", "Assembly-CSharp.csproj", "{7cde9783-0855-26c7-f848-c52f9c508920}"
EndProject
Project("{FAE04EC0-301F-11D3-BF4B-00C04F79EFBC}") = "LeanCommon", "LeanCommon.csproj", "{2ef5e98d-b1c2-3100-f239-a1b78df828d7}"
EndProject
Project("{FAE04EC0-301F-11D3-BF4B-00C04F79EFBC}") = "Assembly-CSharp-Editor", "Assembly-CSharp-Editor.csproj", "{7a940740-17f1-d2f3-6419-024c52b989ed}"
EndProject
Global
	GlobalSection(SolutionConfigurationPlatforms) = preSolution
		Debug|Any CPU = Debug|Any CPU
	EndGlobalSection
	GlobalSection(ProjectConfigurationPlatforms) = postSolution
		{d17e27b5-5f77-9094-3fcb-10b32193cd02}.Debug|Any CPU.ActiveCfg = Debug|Any CPU
		{d17e27b5-5f77-9094-3fcb-10b32193cd02}.Debug|Any CPU.Build.0 = Debug|Any CPU
		{3e6367fe-2b68-747b-a6a2-3ece812471bf}.Debug|Any CPU.ActiveCfg = Debug|Any CPU
		{3e6367fe-2b68-747b-a6a2-3ece812471bf}.Debug|Any CPU.Build.0 = Debug|Any CPU
		{7cde9783-0855-26c7-f848-c52f9c508920}.Debug|Any CPU.ActiveCfg = Debug|Any CPU
		{7cde9783-0855-26c7-f848-c52f9c508920}.Debug|Any CPU.Build.0 = Debug|Any CPU
		{2ef5e98d-b1c2-3100-f239-a1b78df828d7}.Debug|Any CPU.ActiveCfg = Debug|Any CPU
		{2ef5e98d-b1c2-3100-f239-a1b78df828d7}.Debug|Any CPU.Build.0 = Debug|Any CPU
		{7a940740-17f1-d2f3-6419-024c52b989ed}.Debug|Any CPU.ActiveCfg = Debug|Any CPU
		{7a940740-17f1-d2f3-6419-024c52b989ed}.Debug|Any CPU.Build.0 = Debug|Any CPU
	EndGlobalSection
	GlobalSection(SolutionProperties) = preSolution
		HideSolutionNode = FALSE
	EndGlobalSection
EndGlobal
